// !$*UTF8*$!
{
	archiveVersion = 1;
	classes = {
	};
	objectVersion = 46;
	objects = {

/* Begin PBXBuildFile section */
		E65861001CFBD5AF0078FDDD /* main.m in Sources */ = {isa = PBXBuildFile; fileRef = E65860FF1CFBD5AF0078FDDD /* main.m */; };
		E65861031CFBD5AF0078FDDD /* AppDelegate.m in Sources */ = {isa = PBXBuildFile; fileRef = E65861021CFBD5AF0078FDDD /* AppDelegate.m */; };
		E65861061CFBD5AF0078FDDD /* ViewController.m in Sources */ = {isa = PBXBuildFile; fileRef = E65861051CFBD5AF0078FDDD /* ViewController.m */; };
		E65861091CFBD5AF0078FDDD /* Main.storyboard in Resources */ = {isa = PBXBuildFile; fileRef = E65861071CFBD5AF0078FDDD /* Main.storyboard */; };
		E658610B1CFBD5AF0078FDDD /* Assets.xcassets in Resources */ = {isa = PBXBuildFile; fileRef = E658610A1CFBD5AF0078FDDD /* Assets.xcassets */; };
		E658610E1CFBD5AF0078FDDD /* LaunchScreen.storyboard in Resources */ = {isa = PBXBuildFile; fileRef = E658610C1CFBD5AF0078FDDD /* LaunchScreen.storyboard */; };
		E65861191CFBD5AF0078FDDD /* toolBarTests.m in Sources */ = {isa = PBXBuildFile; fileRef = E65861181CFBD5AF0078FDDD /* toolBarTests.m */; };
		E65861241CFBD5AF0078FDDD /* toolBarUITests.m in Sources */ = {isa = PBXBuildFile; fileRef = E65861231CFBD5AF0078FDDD /* toolBarUITests.m */; };
		E65861361CFBD6C20078FDDD /* myNavigationController.m in Sources */ = {isa = PBXBuildFile; fileRef = E65861351CFBD6C20078FDDD /* myNavigationController.m */; };
		E65861391CFBD7D90078FDDD /* SecondVC.m in Sources */ = {isa = PBXBuildFile; fileRef = E65861381CFBD7D90078FDDD /* SecondVC.m */; };
/* End PBXBuildFile section */

/* Begin PBXContainerItemProxy section */
		E65861151CFBD5AF0078FDDD /* PBXContainerItemProxy */ = {
			isa = PBXContainerItemProxy;
			containerPortal = E65860F31CFBD5AF0078FDDD /* Project object */;
			proxyType = 1;
			remoteGlobalIDString = E65860FA1CFBD5AF0078FDDD;
			remoteInfo = toolBar;
		};
		E65861201CFBD5AF0078FDDD /* PBXContainerItemProxy */ = {
			isa = PBXContainerItemProxy;
			containerPortal = E65860F31CFBD5AF0078FDDD /* Project object */;
			proxyType = 1;
			remoteGlobalIDString = E65860FA1CFBD5AF0078FDDD;
			remoteInfo = toolBar;
		};
/* End PBXContainerItemProxy section */

/* Begin PBXFileReference section */
		E65860FB1CFBD5AF0078FDDD /* toolBar.app */ = {isa = PBXFileReference; explicitFileType = wrapper.application; includeInIndex = 0; path = toolBar.app; sourceTree = BUILT_PRODUCTS_DIR; };
		E65860FF1CFBD5AF0078FDDD /* main.m */ = {isa = PBXFileReference; lastKnownFileType = sourcecode.c.objc; path = main.m; sourceTree = "<group>"; };
		E65861011CFBD5AF0078FDDD /* AppDelegate.h */ = {isa = PBXFileReference; lastKnownFileType = sourcecode.c.h; path = AppDelegate.h; sourceTree = "<group>"; };
		E65861021CFBD5AF0078FDDD /* AppDelegate.m */ = {isa = PBXFileReference; lastKnownFileType = sourcecode.c.objc; path = AppDelegate.m; sourceTree = "<group>"; };
		E65861041CFBD5AF0078FDDD /* ViewController.h */ = {isa = PBXFileReference; lastKnownFileType = sourcecode.c.h; path = ViewController.h; sourceTree = "<group>"; };
		E65861051CFBD5AF0078FDDD /* ViewController.m */ = {isa = PBXFileReference; lastKnownFileType = sourcecode.c.objc; path = ViewController.m; sourceTree = "<group>"; };
		E65861081CFBD5AF0078FDDD /* Base */ = {isa = PBXFileReference; lastKnownFileType = file.storyboard; name = Base; path = Base.lproj/Main.storyboard; sourceTree = "<group>"; };
		E658610A1CFBD5AF0078FDDD /* Assets.xcassets */ = {isa = PBXFileReference; lastKnownFileType = folder.assetcatalog; path = Assets.xcassets; sourceTree = "<group>"; };
		E658610D1CFBD5AF0078FDDD /* Base */ = {isa = PBXFileReference; lastKnownFileType = file.storyboard; name = Base; path = Base.lproj/LaunchScreen.storyboard; sourceTree = "<group>"; };
		E658610F1CFBD5AF0078FDDD /* Info.plist */ = {isa = PBXFileReference; lastKnownFileType = text.plist.xml; path = Info.plist; sourceTree = "<group>"; };
		E65861141CFBD5AF0078FDDD /* toolBarTests.xctest */ = {isa = PBXFileReference; explicitFileType = wrapper.cfbundle; includeInIndex = 0; path = toolBarTests.xctest; sourceTree = BUILT_PRODUCTS_DIR; };
		E65861181CFBD5AF0078FDDD /* toolBarTests.m */ = {isa = PBXFileReference; lastKnownFileType = sourcecode.c.objc; path = toolBarTests.m; sourceTree = "<group>"; };
		E658611A1CFBD5AF0078FDDD /* Info.plist */ = {isa = PBXFileReference; lastKnownFileType = text.plist.xml; path = Info.plist; sourceTree = "<group>"; };
		E658611F1CFBD5AF0078FDDD /* toolBarUITests.xctest */ = {isa = PBXFileReference; explicitFileType = wrapper.cfbundle; includeInIndex = 0; path = toolBarUITests.xctest; sourceTree = BUILT_PRODUCTS_DIR; };
		E65861231CFBD5AF0078FDDD /* toolBarUITests.m */ = {isa = PBXFileReference; lastKnownFileType = sourcecode.c.objc; path = toolBarUITests.m; sourceTree = "<group>"; };
		E65861251CFBD5AF0078FDDD /* Info.plist */ = {isa = PBXFileReference; lastKnownFileType = text.plist.xml; path = Info.plist; sourceTree = "<group>"; };
		E65861341CFBD6C20078FDDD /* myNavigationController.h */ = {isa = PBXFileReference; fileEncoding = 4; lastKnownFileType = sourcecode.c.h; path = myNavigationController.h; sourceTree = "<group>"; };
		E65861351CFBD6C20078FDDD /* myNavigationController.m */ = {isa = PBXFileReference; fileEncoding = 4; lastKnownFileType = sourcecode.c.objc; path = myNavigationController.m; sourceTree = "<group>"; };
		E65861371CFBD7D90078FDDD /* SecondVC.h */ = {isa = PBXFileReference; fileEncoding = 4; lastKnownFileType = sourcecode.c.h; path = SecondVC.h; sourceTree = "<group>"; };
		E65861381CFBD7D90078FDDD /* SecondVC.m */ = {isa = PBXFileReference; fileEncoding = 4; lastKnownFileType = sourcecode.c.objc; path = SecondVC.m; sourceTree = "<group>"; };
/* End PBXFileReference section */

/* Begin PBXFrameworksBuildPhase section */
		E65860F81CFBD5AF0078FDDD /* Frameworks */ = {
			isa = PBXFrameworksBuildPhase;
			buildActionMask = 2147483647;
			files = (
			);
			runOnlyForDeploymentPostprocessing = 0;
		};
		E65861111CFBD5AF0078FDDD /* Frameworks */ = {
			isa = PBXFrameworksBuildPhase;
			buildActionMask = 2147483647;
			files = (
			);
			runOnlyForDeploymentPostprocessing = 0;
		};
		E658611C1CFBD5AF0078FDDD /* Frameworks */ = {
			isa = PBXFrameworksBuildPhase;
			buildActionMask = 2147483647;
			files = (
			);
			runOnlyForDeploymentPostprocessing = 0;
		};
/* End PBXFrameworksBuildPhase section */

/* Begin PBXGroup section */
		E65860F21CFBD5AF0078FDDD = {
			isa = PBXGroup;
			children = (
				E65860FD1CFBD5AF0078FDDD /* toolBar */,
				E65861171CFBD5AF0078FDDD /* toolBarTests */,
				E65861221CFBD5AF0078FDDD /* toolBarUITests */,
				E65860FC1CFBD5AF0078FDDD /* Products */,
			);
			sourceTree = "<group>";
		};
		E65860FC1CFBD5AF0078FDDD /* Products */ = {
			isa = PBXGroup;
			children = (
				E65860FB1CFBD5AF0078FDDD /* toolBar.app */,
				E65861141CFBD5AF0078FDDD /* toolBarTests.xctest */,
				E658611F1CFBD5AF0078FDDD /* toolBarUITests.xctest */,
			);
			name = Products;
			sourceTree = "<group>";
		};
		E65860FD1CFBD5AF0078FDDD /* toolBar */ = {
			isa = PBXGroup;
			children = (
				E65861011CFBD5AF0078FDDD /* AppDelegate.h */,
				E65861021CFBD5AF0078FDDD /* AppDelegate.m */,
				E65861041CFBD5AF0078FDDD /* ViewController.h */,
				E65861051CFBD5AF0078FDDD /* ViewController.m */,
				E65861341CFBD6C20078FDDD /* myNavigationController.h */,
				E65861351CFBD6C20078FDDD /* myNavigationController.m */,
				E65861371CFBD7D90078FDDD /* SecondVC.h */,
				E65861381CFBD7D90078FDDD /* SecondVC.m */,
				E65861071CFBD5AF0078FDDD /* Main.storyboard */,
				E658610A1CFBD5AF0078FDDD /* Assets.xcassets */,
				E658610C1CFBD5AF0078FDDD /* LaunchScreen.storyboard */,
				E658610F1CFBD5AF0078FDDD /* Info.plist */,
				E65860FE1CFBD5AF0078FDDD /* Supporting Files */,
			);
			path = toolBar;
			sourceTree = "<group>";
		};
		E65860FE1CFBD5AF0078FDDD /* Supporting Files */ = {
			isa = PBXGroup;
			children = (
				E65860FF1CFBD5AF0078FDDD /* main.m */,
			);
			name = "Supporting Files";
			sourceTree = "<group>";
		};
		E65861171CFBD5AF0078FDDD /* toolBarTests */ = {
			isa = PBXGroup;
			children = (
				E65861181CFBD5AF0078FDDD /* toolBarTests.m */,
				E658611A1CFBD5AF0078FDDD /* Info.plist */,
			);
			path = toolBarTests;
			sourceTree = "<group>";
		};
		E65861221CFBD5AF0078FDDD /* toolBarUITests */ = {
			isa = PBXGroup;
			children = (
				E65861231CFBD5AF0078FDDD /* toolBarUITests.m */,
				E65861251CFBD5AF0078FDDD /* Info.plist */,
			);
			path = toolBarUITests;
			sourceTree = "<group>";
		};
/* End PBXGroup section */

/* Begin PBXNativeTarget section */
		E65860FA1CFBD5AF0078FDDD /* toolBar */ = {
			isa = PBXNativeTarget;
			buildConfigurationList = E65861281CFBD5AF0078FDDD /* Build configuration list for PBXNativeTarget "toolBar" */;
			buildPhases = (
				E65860F71CFBD5AF0078FDDD /* Sources */,
				E65860F81CFBD5AF0078FDDD /* Frameworks */,
				E65860F91CFBD5AF0078FDDD /* Resources */,
			);
			buildRules = (
			);
			dependencies = (
			);
			name = toolBar;
			productName = toolBar;
			productReference = E65860FB1CFBD5AF0078FDDD /* toolBar.app */;
			productType = "com.apple.product-type.application";
		};
		E65861131CFBD5AF0078FDDD /* toolBarTests */ = {
			isa = PBXNativeTarget;
			buildConfigurationList = E658612B1CFBD5AF0078FDDD /* Build configuration list for PBXNativeTarget "toolBarTests" */;
			buildPhases = (
				E65861101CFBD5AF0078FDDD /* Sources */,
				E65861111CFBD5AF0078FDDD /* Frameworks */,
				E65861121CFBD5AF0078FDDD /* Resources */,
			);
			buildRules = (
			);
			dependencies = (
				E65861161CFBD5AF0078FDDD /* PBXTargetDependency */,
			);
			name = toolBarTests;
			productName = toolBarTests;
			productReference = E65861141CFBD5AF0078FDDD /* toolBarTests.xctest */;
			productType = "com.apple.product-type.bundle.unit-test";
		};
		E658611E1CFBD5AF0078FDDD /* toolBarUITests */ = {
			isa = PBXNativeTarget;
			buildConfigurationList = E658612E1CFBD5AF0078FDDD /* Build configuration list for PBXNativeTarget "toolBarUITests" */;
			buildPhases = (
				E658611B1CFBD5AF0078FDDD /* Sources */,
				E658611C1CFBD5AF0078FDDD /* Frameworks */,
				E658611D1CFBD5AF0078FDDD /* Resources */,
			);
			buildRules = (
			);
			dependencies = (
				E65861211CFBD5AF0078FDDD /* PBXTargetDependency */,
			);
			name = toolBarUITests;
			productName = toolBarUITests;
			productReference = E658611F1CFBD5AF0078FDDD /* toolBarUITests.xctest */;
			productType = "com.apple.product-type.bundle.ui-testing";
		};
/* End PBXNativeTarget section */

/* Begin PBXProject section */
		E65860F31CFBD5AF0078FDDD /* Project object */ = {
			isa = PBXProject;
			attributes = {
				LastUpgradeCheck = 0720;
				ORGANIZATIONNAME = "陈昆涛";
				TargetAttributes = {
					E65860FA1CFBD5AF0078FDDD = {
						CreatedOnToolsVersion = 7.2;
					};
					E65861131CFBD5AF0078FDDD = {
						CreatedOnToolsVersion = 7.2;
						TestTargetID = E65860FA1CFBD5AF0078FDDD;
					};
					E658611E1CFBD5AF0078FDDD = {
						CreatedOnToolsVersion = 7.2;
						TestTargetID = E65860FA1CFBD5AF0078FDDD;
					};
				};
			};
			buildConfigurationList = E65860F61CFBD5AF0078FDDD /* Build configuration list for PBXProject "toolBar" */;
			compatibilityVersion = "Xcode 3.2";
			developmentRegion = English;
			hasScannedForEncodings = 0;
			knownRegions = (
				en,
				Base,
			);
			mainGroup = E65860F21CFBD5AF0078FDDD;
			productRefGroup = E65860FC1CFBD5AF0078FDDD /* Products */;
			projectDirPath = "";
			projectRoot = "";
			targets = (
				E65860FA1CFBD5AF0078FDDD /* toolBar */,
				E65861131CFBD5AF0078FDDD /* toolBarTests */,
				E658611E1CFBD5AF0078FDDD /* toolBarUITests */,
			);
		};
/* End PBXProject section */

/* Begin PBXResourcesBuildPhase section */
		E65860F91CFBD5AF0078FDDD /* Resources */ = {
			isa = PBXResourcesBuildPhase;
			buildActionMask = 2147483647;
			files = (
				E658610E1CFBD5AF0078FDDD /* LaunchScreen.storyboard in Resources */,
				E658610B1CFBD5AF0078FDDD /* Assets.xcassets in Resources */,
				E65861091CFBD5AF0078FDDD /* Main.storyboard in Resources */,
			);
			runOnlyForDeploymentPostprocessing = 0;
		};
		E65861121CFBD5AF0078FDDD /* Resources */ = {
			isa = PBXResourcesBuildPhase;
			buildActionMask = 2147483647;
			files = (
			);
			runOnlyForDeploymentPostprocessing = 0;
		};
		E658611D1CFBD5AF0078FDDD /* Resources */ = {
			isa = PBXResourcesBuildPhase;
			buildActionMask = 2147483647;
			files = (
			);
			runOnlyForDeploymentPostprocessing = 0;
		};
/* End PBXResourcesBuildPhase section */

/* Begin PBXSourcesBuildPhase section */
		E65860F71CFBD5AF0078FDDD /* Sources */ = {
			isa = PBXSourcesBuildPhase;
			buildActionMask = 2147483647;
			files = (
				E65861061CFBD5AF0078FDDD /* ViewController.m in Sources */,
				E65861361CFBD6C20078FDDD /* myNavigationController.m in Sources */,
				E65861031CFBD5AF0078FDDD /* AppDelegate.m in Sources */,
				E65861391CFBD7D90078FDDD /* SecondVC.m in Sources */,
				E65861001CFBD5AF0078FDDD /* main.m in Sources */,
			);
			runOnlyForDeploymentPostprocessing = 0;
		};
		E65861101CFBD5AF0078FDDD /* Sources */ = {
			isa = PBXSourcesBuildPhase;
			buildActionMask = 2147483647;
			files = (
				E65861191CFBD5AF0078FDDD /* toolBarTests.m in Sources */,
			);
			runOnlyForDeploymentPostprocessing = 0;
		};
		E658611B1CFBD5AF0078FDDD /* Sources */ = {
			isa = PBXSourcesBuildPhase;
			buildActionMask = 2147483647;
			files = (
				E65861241CFBD5AF0078FDDD /* toolBarUITests.m in Sources */,
			);
			runOnlyForDeploymentPostprocessing = 0;
		};
/* End PBXSourcesBuildPhase section */

/* Begin PBXTargetDependency section */
		E65861161CFBD5AF0078FDDD /* PBXTargetDependency */ = {
			isa = PBXTargetDependency;
			target = E65860FA1CFBD5AF0078FDDD /* toolBar */;
			targetProxy = E65861151CFBD5AF0078FDDD /* PBXContainerItemProxy */;
		};
		E65861211CFBD5AF0078FDDD /* PBXTargetDependency */ = {
			isa = PBXTargetDependency;
			target = E65860FA1CFBD5AF0078FDDD /* toolBar */;
			targetProxy = E65861201CFBD5AF0078FDDD /* PBXContainerItemProxy */;
		};
/* End PBXTargetDependency section */

/* Begin PBXVariantGroup section */
		E65861071CFBD5AF0078FDDD /* Main.storyboard */ = {
			isa = PBXVariantGroup;
			children = (
				E65861081CFBD5AF0078FDDD /* Base */,
			);
			name = Main.storyboard;
			sourceTree = "<group>";
		};
		E658610C1CFBD5AF0078FDDD /* LaunchScreen.storyboard */ = {
			isa = PBXVariantGroup;
			children = (
				E658610D1CFBD5AF0078FDDD /* Base */,
			);
			name = LaunchScreen.storyboard;
			sourceTree = "<group>";
		};
/* End PBXVariantGroup section */

/* Begin XCBuildConfiguration section */
		E65861261CFBD5AF0078FDDD /* Debug */ = {
			isa = XCBuildConfiguration;
			buildSettings = {
				ALWAYS_SEARCH_USER_PATHS = NO;
				CLANG_CXX_LANGUAGE_STANDARD = "gnu++0x";
				CLANG_CXX_LIBRARY = "libc++";
				CLANG_ENABLE_MODULES = YES;
				CLANG_ENABLE_OBJC_ARC = YES;
				CLANG_WARN_BOOL_CONVERSION = YES;
				CLANG_WARN_CONSTANT_CONVERSION = YES;
				CLANG_WARN_DIRECT_OBJC_ISA_USAGE = YES_ERROR;
				CLANG_WARN_EMPTY_BODY = YES;
				CLANG_WARN_ENUM_CONVERSION = YES;
				CLANG_WARN_INT_CONVERSION = YES;
				CLANG_WARN_OBJC_ROOT_CLASS = YES_ERROR;
				CLANG_WARN_UNREACHABLE_CODE = YES;
				CLANG_WARN__DUPLICATE_METHOD_MATCH = YES;
				"CODE_SIGN_IDENTITY[sdk=iphoneos*]" = "iPhone Developer";
				COPY_PHASE_STRIP = NO;
				DEBUG_INFORMATION_FORMAT = dwarf;
				ENABLE_STRICT_OBJC_MSGSEND = YES;
				ENABLE_TESTABILITY = YES;
				GCC_C_LANGUAGE_STANDARD = gnu99;
				GCC_DYNAMIC_NO_PIC = NO;
				GCC_NO_COMMON_BLOCKS = YES;
				GCC_OPTIMIZATION_LEVEL = 0;
				GCC_PREPROCESSOR_DEFINITIONS = (
					"DEBUG=1",
					"$(inherited)",
				);
				GCC_WARN_64_TO_32_BIT_CONVERSION = YES;
				GCC_WARN_ABOUT_RETURN_TYPE = YES_ERROR;
				GCC_WARN_UNDECLARED_SELECTOR = YES;
				GCC_WARN_UNINITIALIZED_AUTOS = YES_AGGRESSIVE;
				GCC_WARN_UNUSED_FUNCTION = YES;
				GCC_WARN_UNUSED_VARIABLE = YES;
				IPHONEOS_DEPLOYMENT_TARGET = 9.2;
				MTL_ENABLE_DEBUG_INFO = YES;
				ONLY_ACTIVE_ARCH = YES;
				SDKROOT = iphoneos;
				TARGETED_DEVICE_FAMILY = "1,2";
			};
			name = Debug;
		};
		E65861271CFBD5AF0078FDDD /* Release */ = {
			isa = XCBuildConfiguration;
			buildSettings = {
				ALWAYS_SEARCH_USER_PATHS = NO;
				CLANG_CXX_LANGUAGE_STANDARD = "gnu++0x";
				CLANG_CXX_LIBRARY = "libc++";
				CLANG_ENABLE_MODULES = YES;
				CLANG_ENABLE_OBJC_ARC = YES;
				CLANG_WARN_BOOL_CONVERSION = YES;
				CLANG_WARN_CONSTANT_CONVERSION = YES;
				CLANG_WARN_DIRECT_OBJC_ISA_USAGE = YES_ERROR;
				CLANG_WARN_EMPTY_BODY = YES;
				CLANG_WARN_ENUM_CONVERSION = YES;
				CLANG_WARN_INT_CONVERSION = YES;
				CLANG_WARN_OBJC_ROOT_CLASS = YES_ERROR;
				CLANG_WARN_UNREACHABLE_CODE = YES;
				CLANG_WARN__DUPLICATE_METHOD_MATCH = YES;
				"CODE_SIGN_IDENTITY[sdk=iphoneos*]" = "iPhone Developer";
				COPY_PHASE_STRIP = NO;
				DEBUG_INFORMATION_FORMAT = "dwarf-with-dsym";
				ENABLE_NS_ASSERTIONS = NO;
				ENABLE_STRICT_OBJC_MSGSEND = YES;
				GCC_C_LANGUAGE_STANDARD = gnu99;
				GCC_NO_COMMON_BLOCKS = YES;
				GCC_WARN_64_TO_32_BIT_CONVERSION = YES;
				GCC_WARN_ABOUT_RETURN_TYPE = YES_ERROR;
				GCC_WARN_UNDECLARED_SELECTOR = YES;
				GCC_WARN_UNINITIALIZED_AUTOS = YES_AGGRESSIVE;
				GCC_WARN_UNUSED_FUNCTION = YES;
				GCC_WARN_UNUSED_VARIABLE = YES;
				IPHONEOS_DEPLOYMENT_TARGET = 9.2;
				MTL_ENABLE_DEBUG_INFO = NO;
				SDKROOT = iphoneos;
				TARGETED_DEVICE_FAMILY = "1,2";
				VALIDATE_PRODUCT = YES;
			};
			name = Release;
		};
		E65861291CFBD5AF0078FDDD /* Debug */ = {
			isa = XCBuildConfiguration;
			buildSettings = {
				ASSETCATALOG_COMPILER_APPICON_NAME = AppIcon;
				INFOPLIST_FILE = toolBar/Info.plist;
				LD_RUNPATH_SEARCH_PATHS = "$(inherited) @executable_path/Frameworks";
				PRODUCT_BUNDLE_IDENTIFIER = Karma.toolBar;
				PRODUCT_NAME = "$(TARGET_NAME)";
			};
			name = Debug;
		};
		E658612A1CFBD5AF0078FDDD /* Release */ = {
			isa = XCBuildConfiguration;
			buildSettings = {
				ASSETCATALOG_COMPILER_APPICON_NAME = AppIcon;
				INFOPLIST_FILE = toolBar/Info.plist;
				LD_RUNPATH_SEARCH_PATHS = "$(inherited) @executable_path/Frameworks";
				PRODUCT_BUNDLE_IDENTIFIER = Karma.toolBar;
				PRODUCT_NAME = "$(TARGET_NAME)";
			};
			name = Release;
		};
		E658612C1CFBD5AF0078FDDD /* Debug */ = {
			isa = XCBuildConfiguration;
			buildSettings = {
				BUNDLE_LOADER = "$(TEST_HOST)";
				INFOPLIST_FILE = toolBarTests/Info.plist;
				LD_RUNPATH_SEARCH_PATHS = "$(inherited) @executable_path/Frameworks @loader_path/Frameworks";
				PRODUCT_BUNDLE_IDENTIFIER = Karma.toolBarTests;
				PRODUCT_NAME = "$(TARGET_NAME)";
				TEST_HOST = "$(BUILT_PRODUCTS_DIR)/toolBar.app/toolBar";
			};
			name = Debug;
		};
		E658612D1CFBD5AF0078FDDD /* Release */ = {
			isa = XCBuildConfiguration;
			buildSettings = {
				BUNDLE_LOADER = "$(TEST_HOST)";
				INFOPLIST_FILE = toolBarTests/Info.plist;
				LD_RUNPATH_SEARCH_PATHS = "$(inherited) @executable_path/Frameworks @loader_path/Frameworks";
				PRODUCT_BUNDLE_IDENTIFIER = Karma.toolBarTests;
				PRODUCT_NAME = "$(TARGET_NAME)";
				TEST_HOST = "$(BUILT_PRODUCTS_DIR)/toolBar.app/toolBar";
			};
			name = Release;
		};
		E658612F1CFBD5AF0078FDDD /* Debug */ = {
			isa = XCBuildConfiguration;
			buildSettings = {
				INFOPLIST_FILE = toolBarUITests/Info.plist;
				LD_RUNPATH_SEARCH_PATHS = "$(inherited) @executable_path/Frameworks @loader_path/Frameworks";
				PRODUCT_BUNDLE_IDENTIFIER = Karma.toolBarUITests;
				PRODUCT_NAME = "$(TARGET_NAME)";
				TEST_TARGET_NAME = toolBar;
				USES_XCTRUNNER = YES;
			};
			name = Debug;
		};
		E65861301CFBD5AF0078FDDD /* Release */ = {
			isa = XCBuildConfiguration;
			buildSettings = {
				INFOPLIST_FILE = toolBarUITests/Info.plist;
				LD_RUNPATH_SEARCH_PATHS = "$(inherited) @executable_path/Frameworks @loader_path/Frameworks";
				PRODUCT_BUNDLE_IDENTIFIER = Karma.toolBarUITests;
				PRODUCT_NAME = "$(TARGET_NAME)";
				TEST_TARGET_NAME = toolBar;
				USES_XCTRUNNER = YES;
			};
			name = Release;
		};
/* End XCBuildConfiguration section */

/* Begin XCConfigurationList section */
		E65860F61CFBD5AF0078FDDD /* Build configuration list for PBXProject "toolBar" */ = {
			isa = XCConfigurationList;
			buildConfigurations = (
				E65861261CFBD5AF0078FDDD /* Debug */,
				E65861271CFBD5AF0078FDDD /* Release */,
			);
			defaultConfigurationIsVisible = 0;
			defaultConfigurationName = Release;
		};
		E65861281CFBD5AF0078FDDD /* Build configuration list for PBXNativeTarget "toolBar" */ = {
			isa = XCConfigurationList;
			buildConfigurations = (
				E65861291CFBD5AF0078FDDD /* Debug */,
				E658612A1CFBD5AF0078FDDD /* Release */,
			);
			defaultConfigurationIsVisible = 0;
		};
		E658612B1CFBD5AF0078FDDD /* Build configuration list for PBXNativeTarget "toolBarTests" */ = {
			isa = XCConfigurationList;
			buildConfigurations = (
				E658612C1CFBD5AF0078FDDD /* Debug */,
				E658612D1CFBD5AF0078FDDD /* Release */,
			);
			defaultConfigurationIsVisible = 0;
		};
		E658612E1CFBD5AF0078FDDD /* Build configuration list for PBXNativeTarget "toolBarUITests" */ = {
			isa = XCConfigurationList;
			buildConfigurations = (
				E658612F1CFBD5AF0078FDDD /* Debug */,
				E65861301CFBD5AF0078FDDD /* Release */,
			);
			defaultConfigurationIsVisible = 0;
		};
/* End XCConfigurationList section */
	};
	rootObject = E65860F31CFBD5AF0078FDDD /* Project object */;
}
